{
  "name": "awesome-agent-infra-catalog",
  "version": "0.3.0",
  "lockfileVersion": 3,
  "requires": true,
  "packages": {
    "": {
      "name": "awesome-agent-infra-catalog",
      "version": "0.3.0",
      "license": "MIT",
      "bin": {
        "agent-infra": "bin/agent-infra.mjs"
      },
      "engines": {
        "node": ">=20"
      }
    }
  }
}
